
Microsoft Visual Studio Solution File, Format Version 12.00
# Visual Studio 15
VisualStudioVersion = 15.0.27428.2043
MinimumVisualStudioVersion = 10.0.40219.1
Project("{FAE04EC0-301F-11D3-BF4B-00C04F79EFBC}") = "RRR.AddIn.ApiClient", "src\RRR.AddIn.ApiClient\RRR.AddIn.ApiClient.csproj", "{DFCD06F3-BCF3-493B-89F5-D4F4E252E071}"
EndProject
Project("{FAE04EC0-301F-11D3-BF4B-00C04F79EFBC}") = "RRR.AddIn.Library", "src\RRR.AddIn.Library\RRR.AddIn.Library.csproj", "{5033D718-CCDB-4458-9BEA-36DE1B787A73}"
EndProject
Global
	GlobalSection(SolutionConfigurationPlatforms) = preSolution
		Debug|Any CPU = Debug|Any CPU
		Release|Any CPU = Release|Any CPU
	EndGlobalSection
	GlobalSection(ProjectConfigurationPlatforms) = postSolution
		{DFCD06F3-BCF3-493B-89F5-D4F4E252E071}.Debug|Any CPU.ActiveCfg = Debug|Any CPU
		{DFCD06F3-BCF3-493B-89F5-D4F4E252E071}.Debug|Any CPU.Build.0 = Debug|Any CPU
		{DFCD06F3-BCF3-493B-89F5-D4F4E252E071}.Release|Any CPU.ActiveCfg = Release|Any CPU
		{DFCD06F3-BCF3-493B-89F5-D4F4E252E071}.Release|Any CPU.Build.0 = Release|Any CPU
		{5033D718-CCDB-4458-9BEA-36DE1B787A73}.Debug|Any CPU.ActiveCfg = Debug|Any CPU
		{5033D718-CCDB-4458-9BEA-36DE1B787A73}.Debug|Any CPU.Build.0 = Debug|Any CPU
		{5033D718-CCDB-4458-9BEA-36DE1B787A73}.Release|Any CPU.ActiveCfg = Release|Any CPU
		{5033D718-CCDB-4458-9BEA-36DE1B787A73}.Release|Any CPU.Build.0 = Release|Any CPU
	EndGlobalSection
	GlobalSection(SolutionProperties) = preSolution
		HideSolutionNode = FALSE
	EndGlobalSection
	GlobalSection(ExtensibilityGlobals) = postSolution
		SolutionGuid = {75EBF77A-7958-4515-9C00-EBDA20F4B5EC}
	EndGlobalSection
EndGlobal
